
Microsoft Visual Studio Solution File, Format Version 12.00
# Visual Studio 15
VisualStudioVersion = 15.0.27428.2027
MinimumVisualStudioVersion = 10.0.40219.1
Project("{FAE04EC0-301F-11D3-BF4B-00C04F79EFBC}") = "ContainerExample.Android", "ContainerExample\ContainerExample.Android\ContainerExample.Android.csproj", "{3F6754FF-1E1E-4CFF-B3CE-C40485022E75}"
EndProject
Project("{FAE04EC0-301F-11D3-BF4B-00C04F79EFBC}") = "ContainerExample.iOS", "ContainerExample\ContainerExample.iOS\ContainerExample.iOS.csproj", "{9998EE83-8BDC-4993-AFED-52A8391E738E}"
EndProject
Project("{FAE04EC0-301F-11D3-BF4B-00C04F79EFBC}") = "ContainerExample.UWP", "ContainerExample\ContainerExample.UWP\ContainerExample.UWP.csproj", "{0E0B56DC-6D0F-4EF2-86F6-8B0D2D4C578B}"
EndProject
Project("{FAE04EC0-301F-11D3-BF4B-00C04F79EFBC}") = "ContainerExample", "ContainerExample\ContainerExample\ContainerExample.csproj", "{55FA163D-FE78-4271-8E7C-CC273A1542EB}"
EndProject
Global
	GlobalSection(SolutionConfigurationPlatforms) = preSolution
		Ad-Hoc|Any CPU = Ad-Hoc|Any CPU
		Ad-Hoc|ARM = Ad-Hoc|ARM
		Ad-Hoc|iPhone = Ad-Hoc|iPhone
		Ad-Hoc|iPhoneSimulator = Ad-Hoc|iPhoneSimulator
		Ad-Hoc|x64 = Ad-Hoc|x64
		Ad-Hoc|x86 = Ad-Hoc|x86
		AppStore|Any CPU = AppStore|Any CPU
		AppStore|ARM = AppStore|ARM
		AppStore|iPhone = AppStore|iPhone
		AppStore|iPhoneSimulator = AppStore|iPhoneSimulator
		AppStore|x64 = AppStore|x64
		AppStore|x86 = AppStore|x86
		Debug|Any CPU = Debug|Any CPU
		Debug|ARM = Debug|ARM
		Debug|iPhone = Debug|iPhone
		Debug|iPhoneSimulator = Debug|iPhoneSimulator
		Debug|x64 = Debug|x64
		Debug|x86 = Debug|x86
		Release|Any CPU = Release|Any CPU
		Release|ARM = Release|ARM
		Release|iPhone = Release|iPhone
		Release|iPhoneSimulator = Release|iPhoneSimulator
		Release|x64 = Release|x64
		Release|x86 = Release|x86
	EndGlobalSection
	GlobalSection(ProjectConfigurationPlatforms) = postSolution
		{3F6754FF-1E1E-4CFF-B3CE-C40485022E75}.Ad-Hoc|Any CPU.ActiveCfg = Release|Any CPU
		{3F6754FF-1E1E-4CFF-B3CE-C40485022E75}.Ad-Hoc|Any CPU.Build.0 = Release|Any CPU
		{3F6754FF-1E1E-4CFF-B3CE-C40485022E75}.Ad-Hoc|Any CPU.Deploy.0 = Release|Any CPU
		{3F6754FF-1E1E-4CFF-B3CE-C40485022E75}.Ad-Hoc|ARM.ActiveCfg = Release|Any CPU
		{3F6754FF-1E1E-4CFF-B3CE-C40485022E75}.Ad-Hoc|ARM.Build.0 = Release|Any CPU
		{3F6754FF-1E1E-4CFF-B3CE-C40485022E75}.Ad-Hoc|ARM.Deploy.0 = Release|Any CPU
		{3F6754FF-1E1E-4CFF-B3CE-C40485022E75}.Ad-Hoc|iPhone.ActiveCfg = Release|Any CPU
		{3F6754FF-1E1E-4CFF-B3CE-C40485022E75}.Ad-Hoc|iPhone.Build.0 = Release|Any CPU
		{3F6754FF-1E1E-4CFF-B3CE-C40485022E75}.Ad-Hoc|iPhone.Deploy.0 = Release|Any CPU
		{3F6754FF-1E1E-4CFF-B3CE-C40485022E75}.Ad-Hoc|iPhoneSimulator.ActiveCfg = Release|Any CPU
		{3F6754FF-1E1E-4CFF-B3CE-C40485022E75}.Ad-Hoc|iPhoneSimulator.Build.0 = Release|Any CPU
		{3F6754FF-1E1E-4CFF-B3CE-C40485022E75}.Ad-Hoc|iPhoneSimulator.Deploy.0 = Release|Any CPU
		{3F6754FF-1E1E-4CFF-B3CE-C40485022E75}.Ad-Hoc|x64.ActiveCfg = Release|Any CPU
		{3F6754FF-1E1E-4CFF-B3CE-C40485022E75}.Ad-Hoc|x64.Build.0 = Release|Any CPU
		{3F6754FF-1E1E-4CFF-B3CE-C40485022E75}.Ad-Hoc|x64.Deploy.0 = Release|Any CPU
		{3F6754FF-1E1E-4CFF-B3CE-C40485022E75}.Ad-Hoc|x86.ActiveCfg = Release|Any CPU
		{3F6754FF-1E1E-4CFF-B3CE-C40485022E75}.Ad-Hoc|x86.Build.0 = Release|Any CPU
		{3F6754FF-1E1E-4CFF-B3CE-C40485022E75}.Ad-Hoc|x86.Deploy.0 = Release|Any CPU
		{3F6754FF-1E1E-4CFF-B3CE-C40485022E75}.AppStore|Any CPU.ActiveCfg = Release|Any CPU
		{3F6754FF-1E1E-4CFF-B3CE-C40485022E75}.AppStore|Any CPU.Build.0 = Release|Any CPU
		{3F6754FF-1E1E-4CFF-B3CE-C40485022E75}.AppStore|Any CPU.Deploy.0 = Release|Any CPU
		{3F6754FF-1E1E-4CFF-B3CE-C40485022E75}.AppStore|ARM.ActiveCfg = Release|Any CPU
		{3F6754FF-1E1E-4CFF-B3CE-C40485022E75}.AppStore|ARM.Build.0 = Release|Any CPU
		{3F6754FF-1E1E-4CFF-B3CE-C40485022E75}.AppStore|ARM.Deploy.0 = Release|Any CPU
		{3F6754FF-1E1E-4CFF-B3CE-C40485022E75}.AppStore|iPhone.ActiveCfg = Release|Any CPU
		{3F6754FF-1E1E-4CFF-B3CE-C40485022E75}.AppStore|iPhone.Build.0 = Release|Any CPU
		{3F6754FF-1E1E-4CFF-B3CE-C40485022E75}.AppStore|iPhone.Deploy.0 = Release|Any CPU
		{3F6754FF-1E1E-4CFF-B3CE-C40485022E75}.AppStore|iPhoneSimulator.ActiveCfg = Release|Any CPU
		{3F6754FF-1E1E-4CFF-B3CE-C40485022E75}.AppStore|iPhoneSimulator.Build.0 = Release|Any CPU
		{3F6754FF-1E1E-4CFF-B3CE-C40485022E75}.AppStore|iPhoneSimulator.Deploy.0 = Release|Any CPU
		{3F6754FF-1E1E-4CFF-B3CE-C40485022E75}.AppStore|x64.ActiveCfg = Release|Any CPU
		{3F6754FF-1E1E-4CFF-B3CE-C40485022E75}.AppStore|x64.Build.0 = Release|Any CPU
		{3F6754FF-1E1E-4CFF-B3CE-C40485022E75}.AppStore|x64.Deploy.0 = Release|Any CPU
		{3F6754FF-1E1E-4CFF-B3CE-C40485022E75}.AppStore|x86.ActiveCfg = Release|Any CPU
		{3F6754FF-1E1E-4CFF-B3CE-C40485022E75}.AppStore|x86.Build.0 = Release|Any CPU
		{3F6754FF-1E1E-4CFF-B3CE-C40485022E75}.AppStore|x86.Deploy.0 = Release|Any CPU
		{3F6754FF-1E1E-4CFF-B3CE-C40485022E75}.Debug|Any CPU.ActiveCfg = Debug|Any CPU
		{3F6754FF-1E1E-4CFF-B3CE-C40485022E75}.Debug|Any CPU.Build.0 = Debug|Any CPU
		{3F6754FF-1E1E-4CFF-B3CE-C40485022E75}.Debug|Any CPU.Deploy.0 = Debug|Any CPU
		{3F6754FF-1E1E-4CFF-B3CE-C40485022E75}.Debug|ARM.ActiveCfg = Debug|Any CPU
		{3F6754FF-1E1E-4CFF-B3CE-C40485022E75}.Debug|ARM.Build.0 = Debug|Any CPU
		{3F6754FF-1E1E-4CFF-B3CE-C40485022E75}.Debug|ARM.Deploy.0 = Debug|Any CPU
		{3F6754FF-1E1E-4CFF-B3CE-C40485022E75}.Debug|iPhone.ActiveCfg = Debug|Any CPU
		{3F6754FF-1E1E-4CFF-B3CE-C40485022E75}.Debug|iPhone.Build.0 = Debug|Any CPU
		{3F6754FF-1E1E-4CFF-B3CE-C40485022E75}.Debug|iPhone.Deploy.0 = Debug|Any CPU
		{3F6754FF-1E1E-4CFF-B3CE-C40485022E75}.Debug|iPhoneSimulator.ActiveCfg = Debug|Any CPU
		{3F6754FF-1E1E-4CFF-B3CE-C40485022E75}.Debug|iPhoneSimulator.Build.0 = Debug|Any CPU
		{3F6754FF-1E1E-4CFF-B3CE-C40485022E75}.Debug|iPhoneSimulator.Deploy.0 = Debug|Any CPU
		{3F6754FF-1E1E-4CFF-B3CE-C40485022E75}.Debug|x64.ActiveCfg = Debug|Any CPU
		{3F6754FF-1E1E-4CFF-B3CE-C40485022E75}.Debug|x64.Build.0 = Debug|Any CPU
		{3F6754FF-1E1E-4CFF-B3CE-C40485022E75}.Debug|x64.Deploy.0 = Debug|Any CPU
		{3F6754FF-1E1E-4CFF-B3CE-C40485022E75}.Debug|x86.ActiveCfg = Debug|Any CPU
		{3F6754FF-1E1E-4CFF-B3CE-C40485022E75}.Debug|x86.Build.0 = Debug|Any CPU
		{3F6754FF-1E1E-4CFF-B3CE-C40485022E75}.Debug|x86.Deploy.0 = Debug|Any CPU
		{3F6754FF-1E1E-4CFF-B3CE-C40485022E75}.Release|Any CPU.ActiveCfg = Release|Any CPU
		{3F6754FF-1E1E-4CFF-B3CE-C40485022E75}.Release|Any CPU.Build.0 = Release|Any CPU
		{3F6754FF-1E1E-4CFF-B3CE-C40485022E75}.Release|Any CPU.Deploy.0 = Release|Any CPU
		{3F6754FF-1E1E-4CFF-B3CE-C40485022E75}.Release|ARM.ActiveCfg = Release|Any CPU
		{3F6754FF-1E1E-4CFF-B3CE-C40485022E75}.Release|ARM.Build.0 = Release|Any CPU
		{3F6754FF-1E1E-4CFF-B3CE-C40485022E75}.Release|ARM.Deploy.0 = Release|Any CPU
		{3F6754FF-1E1E-4CFF-B3CE-C40485022E75}.Release|iPhone.ActiveCfg = Release|Any CPU
		{3F6754FF-1E1E-4CFF-B3CE-C40485022E75}.Release|iPhone.Build.0 = Release|Any CPU
		{3F6754FF-1E1E-4CFF-B3CE-C40485022E75}.Release|iPhone.Deploy.0 = Release|Any CPU
		{3F6754FF-1E1E-4CFF-B3CE-C40485022E75}.Release|iPhoneSimulator.ActiveCfg = Release|Any CPU
		{3F6754FF-1E1E-4CFF-B3CE-C40485022E75}.Release|iPhoneSimulator.Build.0 = Release|Any CPU
		{3F6754FF-1E1E-4CFF-B3CE-C40485022E75}.Release|iPhoneSimulator.Deploy.0 = Release|Any CPU
		{3F6754FF-1E1E-4CFF-B3CE-C40485022E75}.Release|x64.ActiveCfg = Release|Any CPU
		{3F6754FF-1E1E-4CFF-B3CE-C40485022E75}.Release|x64.Build.0 = Release|Any CPU
		{3F6754FF-1E1E-4CFF-B3CE-C40485022E75}.Release|x64.Deploy.0 = Release|Any CPU
		{3F6754FF-1E1E-4CFF-B3CE-C40485022E75}.Release|x86.ActiveCfg = Release|Any CPU
		{3F6754FF-1E1E-4CFF-B3CE-C40485022E75}.Release|x86.Build.0 = Release|Any CPU
		{3F6754FF-1E1E-4CFF-B3CE-C40485022E75}.Release|x86.Deploy.0 = Release|Any CPU
		{9998EE83-8BDC-4993-AFED-52A8391E738E}.Ad-Hoc|Any CPU.ActiveCfg = Ad-Hoc|iPhone
		{9998EE83-8BDC-4993-AFED-52A8391E738E}.Ad-Hoc|ARM.ActiveCfg = Ad-Hoc|iPhone
		{9998EE83-8BDC-4993-AFED-52A8391E738E}.Ad-Hoc|iPhone.ActiveCfg = Ad-Hoc|iPhone
		{9998EE83-8BDC-4993-AFED-52A8391E738E}.Ad-Hoc|iPhone.Build.0 = Ad-Hoc|iPhone
		{9998EE83-8BDC-4993-AFED-52A8391E738E}.Ad-Hoc|iPhoneSimulator.ActiveCfg = Ad-Hoc|iPhoneSimulator
		{9998EE83-8BDC-4993-AFED-52A8391E738E}.Ad-Hoc|iPhoneSimulator.Build.0 = Ad-Hoc|iPhoneSimulator
		{9998EE83-8BDC-4993-AFED-52A8391E738E}.Ad-Hoc|x64.ActiveCfg = Ad-Hoc|iPhone
		{9998EE83-8BDC-4993-AFED-52A8391E738E}.Ad-Hoc|x86.ActiveCfg = Ad-Hoc|iPhone
		{9998EE83-8BDC-4993-AFED-52A8391E738E}.AppStore|Any CPU.ActiveCfg = AppStore|iPhone
		{9998EE83-8BDC-4993-AFED-52A8391E738E}.AppStore|ARM.ActiveCfg = AppStore|iPhone
		{9998EE83-8BDC-4993-AFED-52A8391E738E}.AppStore|iPhone.ActiveCfg = AppStore|iPhone
		{9998EE83-8BDC-4993-AFED-52A8391E738E}.AppStore|iPhone.Build.0 = AppStore|iPhone
		{9998EE83-8BDC-4993-AFED-52A8391E738E}.AppStore|iPhoneSimulator.ActiveCfg = AppStore|iPhoneSimulator
		{9998EE83-8BDC-4993-AFED-52A8391E738E}.AppStore|iPhoneSimulator.Build.0 = AppStore|iPhoneSimulator
		{9998EE83-8BDC-4993-AFED-52A8391E738E}.AppStore|x64.ActiveCfg = AppStore|iPhone
		{9998EE83-8BDC-4993-AFED-52A8391E738E}.AppStore|x86.ActiveCfg = AppStore|iPhone
		{9998EE83-8BDC-4993-AFED-52A8391E738E}.Debug|Any CPU.ActiveCfg = Debug|iPhone
		{9998EE83-8BDC-4993-AFED-52A8391E738E}.Debug|ARM.ActiveCfg = Debug|iPhone
		{9998EE83-8BDC-4993-AFED-52A8391E738E}.Debug|iPhone.ActiveCfg = Debug|iPhone
		{9998EE83-8BDC-4993-AFED-52A8391E738E}.Debug|iPhone.Build.0 = Debug|iPhone
		{9998EE83-8BDC-4993-AFED-52A8391E738E}.Debug|iPhoneSimulator.ActiveCfg = Debug|iPhoneSimulator
		{9998EE83-8BDC-4993-AFED-52A8391E738E}.Debug|iPhoneSimulator.Build.0 = Debug|iPhoneSimulator
		{9998EE83-8BDC-4993-AFED-52A8391E738E}.Debug|x64.ActiveCfg = Debug|iPhone
		{9998EE83-8BDC-4993-AFED-52A8391E738E}.Debug|x86.ActiveCfg = Debug|iPhone
		{9998EE83-8BDC-4993-AFED-52A8391E738E}.Release|Any CPU.ActiveCfg = Release|iPhone
		{9998EE83-8BDC-4993-AFED-52A8391E738E}.Release|ARM.ActiveCfg = Release|iPhone
		{9998EE83-8BDC-4993-AFED-52A8391E738E}.Release|iPhone.ActiveCfg = Release|iPhone
		{9998EE83-8BDC-4993-AFED-52A8391E738E}.Release|iPhone.Build.0 = Release|iPhone
		{9998EE83-8BDC-4993-AFED-52A8391E738E}.Release|iPhoneSimulator.ActiveCfg = Release|iPhoneSimulator
		{9998EE83-8BDC-4993-AFED-52A8391E738E}.Release|iPhoneSimulator.Build.0 = Release|iPhoneSimulator
		{9998EE83-8BDC-4993-AFED-52A8391E738E}.Release|x64.ActiveCfg = Release|iPhone
		{9998EE83-8BDC-4993-AFED-52A8391E738E}.Release|x86.ActiveCfg = Release|iPhone
		{0E0B56DC-6D0F-4EF2-86F6-8B0D2D4C578B}.Ad-Hoc|Any CPU.ActiveCfg = Release|x86
		{0E0B56DC-6D0F-4EF2-86F6-8B0D2D4C578B}.Ad-Hoc|Any CPU.Build.0 = Release|x86
		{0E0B56DC-6D0F-4EF2-86F6-8B0D2D4C578B}.Ad-Hoc|Any CPU.Deploy.0 = Release|x86
		{0E0B56DC-6D0F-4EF2-86F6-8B0D2D4C578B}.Ad-Hoc|ARM.ActiveCfg = Release|ARM
		{0E0B56DC-6D0F-4EF2-86F6-8B0D2D4C578B}.Ad-Hoc|ARM.Build.0 = Release|ARM
		{0E0B56DC-6D0F-4EF2-86F6-8B0D2D4C578B}.Ad-Hoc|ARM.Deploy.0 = Release|ARM
		{0E0B56DC-6D0F-4EF2-86F6-8B0D2D4C578B}.Ad-Hoc|iPhone.ActiveCfg = Release|x86
		{0E0B56DC-6D0F-4EF2-86F6-8B0D2D4C578B}.Ad-Hoc|iPhone.Build.0 = Release|x86
		{0E0B56DC-6D0F-4EF2-86F6-8B0D2D4C578B}.Ad-Hoc|iPhone.Deploy.0 = Release|x86
		{0E0B56DC-6D0F-4EF2-86F6-8B0D2D4C578B}.Ad-Hoc|iPhoneSimulator.ActiveCfg = Release|x86
		{0E0B56DC-6D0F-4EF2-86F6-8B0D2D4C578B}.Ad-Hoc|iPhoneSimulator.Build.0 = Release|x86
		{0E0B56DC-6D0F-4EF2-86F6-8B0D2D4C578B}.Ad-Hoc|iPhoneSimulator.Deploy.0 = Release|x86
		{0E0B56DC-6D0F-4EF2-86F6-8B0D2D4C578B}.Ad-Hoc|x64.ActiveCfg = Release|x64
		{0E0B56DC-6D0F-4EF2-86F6-8B0D2D4C578B}.Ad-Hoc|x64.Build.0 = Release|x64
		{0E0B56DC-6D0F-4EF2-86F6-8B0D2D4C578B}.Ad-Hoc|x64.Deploy.0 = Release|x64
		{0E0B56DC-6D0F-4EF2-86F6-8B0D2D4C578B}.Ad-Hoc|x86.ActiveCfg = Release|x86
		{0E0B56DC-6D0F-4EF2-86F6-8B0D2D4C578B}.Ad-Hoc|x86.Build.0 = Release|x86
		{0E0B56DC-6D0F-4EF2-86F6-8B0D2D4C578B}.Ad-Hoc|x86.Deploy.0 = Release|x86
		{0E0B56DC-6D0F-4EF2-86F6-8B0D2D4C578B}.AppStore|Any CPU.ActiveCfg = Release|x86
		{0E0B56DC-6D0F-4EF2-86F6-8B0D2D4C578B}.AppStore|Any CPU.Build.0 = Release|x86
		{0E0B56DC-6D0F-4EF2-86F6-8B0D2D4C578B}.AppStore|Any CPU.Deploy.0 = Release|x86
		{0E0B56DC-6D0F-4EF2-86F6-8B0D2D4C578B}.AppStore|ARM.ActiveCfg = Release|ARM
		{0E0B56DC-6D0F-4EF2-86F6-8B0D2D4C578B}.AppStore|ARM.Build.0 = Release|ARM
		{0E0B56DC-6D0F-4EF2-86F6-8B0D2D4C578B}.AppStore|ARM.Deploy.0 = Release|ARM
		{0E0B56DC-6D0F-4EF2-86F6-8B0D2D4C578B}.AppStore|iPhone.ActiveCfg = Release|x86
		{0E0B56DC-6D0F-4EF2-86F6-8B0D2D4C578B}.AppStore|iPhone.Build.0 = Release|x86
		{0E0B56DC-6D0F-4EF2-86F6-8B0D2D4C578B}.AppStore|iPhone.Deploy.0 = Release|x86
		{0E0B56DC-6D0F-4EF2-86F6-8B0D2D4C578B}.AppStore|iPhoneSimulator.ActiveCfg = Release|x86
		{0E0B56DC-6D0F-4EF2-86F6-8B0D2D4C578B}.AppStore|iPhoneSimulator.Build.0 = Release|x86
		{0E0B56DC-6D0F-4EF2-86F6-8B0D2D4C578B}.AppStore|iPhoneSimulator.Deploy.0 = Release|x86
		{0E0B56DC-6D0F-4EF2-86F6-8B0D2D4C578B}.AppStore|x64.ActiveCfg = Release|x64
		{0E0B56DC-6D0F-4EF2-86F6-8B0D2D4C578B}.AppStore|x64.Build.0 = Release|x64
		{0E0B56DC-6D0F-4EF2-86F6-8B0D2D4C578B}.AppStore|x64.Deploy.0 = Release|x64
		{0E0B56DC-6D0F-4EF2-86F6-8B0D2D4C578B}.AppStore|x86.ActiveCfg = Release|x86
		{0E0B56DC-6D0F-4EF2-86F6-8B0D2D4C578B}.AppStore|x86.Build.0 = Release|x86
		{0E0B56DC-6D0F-4EF2-86F6-8B0D2D4C578B}.AppStore|x86.Deploy.0 = Release|x86
		{0E0B56DC-6D0F-4EF2-86F6-8B0D2D4C578B}.Debug|Any CPU.ActiveCfg = Debug|x86
		{0E0B56DC-6D0F-4EF2-86F6-8B0D2D4C578B}.Debug|ARM.ActiveCfg = Debug|ARM
		{0E0B56DC-6D0F-4EF2-86F6-8B0D2D4C578B}.Debug|ARM.Build.0 = Debug|ARM
		{0E0B56DC-6D0F-4EF2-86F6-8B0D2D4C578B}.Debug|ARM.Deploy.0 = Debug|ARM
		{0E0B56DC-6D0F-4EF2-86F6-8B0D2D4C578B}.Debug|iPhone.ActiveCfg = Debug|x86
		{0E0B56DC-6D0F-4EF2-86F6-8B0D2D4C578B}.Debug|iPhoneSimulator.ActiveCfg = Debug|x86
		{0E0B56DC-6D0F-4EF2-86F6-8B0D2D4C578B}.Debug|x64.ActiveCfg = Debug|x64
		{0E0B56DC-6D0F-4EF2-86F6-8B0D2D4C578B}.Debug|x64.Build.0 = Debug|x64
		{0E0B56DC-6D0F-4EF2-86F6-8B0D2D4C578B}.Debug|x64.Deploy.0 = Debug|x64
		{0E0B56DC-6D0F-4EF2-86F6-8B0D2D4C578B}.Debug|x86.ActiveCfg = Debug|x86
		{0E0B56DC-6D0F-4EF2-86F6-8B0D2D4C578B}.Debug|x86.Build.0 = Debug|x86
		{0E0B56DC-6D0F-4EF2-86F6-8B0D2D4C578B}.Debug|x86.Deploy.0 = Debug|x86
		{0E0B56DC-6D0F-4EF2-86F6-8B0D2D4C578B}.Release|Any CPU.ActiveCfg = Release|x86
		{0E0B56DC-6D0F-4EF2-86F6-8B0D2D4C578B}.Release|ARM.ActiveCfg = Release|ARM
		{0E0B56DC-6D0F-4EF2-86F6-8B0D2D4C578B}.Release|ARM.Build.0 = Release|ARM
		{0E0B56DC-6D0F-4EF2-86F6-8B0D2D4C578B}.Release|ARM.Deploy.0 = Release|ARM
		{0E0B56DC-6D0F-4EF2-86F6-8B0D2D4C578B}.Release|iPhone.ActiveCfg = Release|x86
		{0E0B56DC-6D0F-4EF2-86F6-8B0D2D4C578B}.Release|iPhoneSimulator.ActiveCfg = Release|x86
		{0E0B56DC-6D0F-4EF2-86F6-8B0D2D4C578B}.Release|x64.ActiveCfg = Release|x64
		{0E0B56DC-6D0F-4EF2-86F6-8B0D2D4C578B}.Release|x64.Build.0 = Release|x64
		{0E0B56DC-6D0F-4EF2-86F6-8B0D2D4C578B}.Release|x64.Deploy.0 = Release|x64
		{0E0B56DC-6D0F-4EF2-86F6-8B0D2D4C578B}.Release|x86.ActiveCfg = Release|x86
		{0E0B56DC-6D0F-4EF2-86F6-8B0D2D4C578B}.Release|x86.Build.0 = Release|x86
		{0E0B56DC-6D0F-4EF2-86F6-8B0D2D4C578B}.Release|x86.Deploy.0 = Release|x86
		{55FA163D-FE78-4271-8E7C-CC273A1542EB}.Ad-Hoc|Any CPU.ActiveCfg = Debug|Any CPU
		{55FA163D-FE78-4271-8E7C-CC273A1542EB}.Ad-Hoc|Any CPU.Build.0 = Debug|Any CPU
		{55FA163D-FE78-4271-8E7C-CC273A1542EB}.Ad-Hoc|ARM.ActiveCfg = Debug|Any CPU
		{55FA163D-FE78-4271-8E7C-CC273A1542EB}.Ad-Hoc|ARM.Build.0 = Debug|Any CPU
		{55FA163D-FE78-4271-8E7C-CC273A1542EB}.Ad-Hoc|iPhone.ActiveCfg = Debug|Any CPU
		{55FA163D-FE78-4271-8E7C-CC273A1542EB}.Ad-Hoc|iPhone.Build.0 = Debug|Any CPU
		{55FA163D-FE78-4271-8E7C-CC273A1542EB}.Ad-Hoc|iPhoneSimulator.ActiveCfg = Debug|Any CPU
		{55FA163D-FE78-4271-8E7C-CC273A1542EB}.Ad-Hoc|iPhoneSimulator.Build.0 = Debug|Any CPU
		{55FA163D-FE78-4271-8E7C-CC273A1542EB}.Ad-Hoc|x64.ActiveCfg = Debug|Any CPU
		{55FA163D-FE78-4271-8E7C-CC273A1542EB}.Ad-Hoc|x64.Build.0 = Debug|Any CPU
		{55FA163D-FE78-4271-8E7C-CC273A1542EB}.Ad-Hoc|x86.ActiveCfg = Debug|Any CPU
		{55FA163D-FE78-4271-8E7C-CC273A1542EB}.Ad-Hoc|x86.Build.0 = Debug|Any CPU
		{55FA163D-FE78-4271-8E7C-CC273A1542EB}.AppStore|Any CPU.ActiveCfg = Debug|Any CPU
		{55FA163D-FE78-4271-8E7C-CC273A1542EB}.AppStore|Any CPU.Build.0 = Debug|Any CPU
		{55FA163D-FE78-4271-8E7C-CC273A1542EB}.AppStore|ARM.ActiveCfg = Debug|Any CPU
		{55FA163D-FE78-4271-8E7C-CC273A1542EB}.AppStore|ARM.Build.0 = Debug|Any CPU
		{55FA163D-FE78-4271-8E7C-CC273A1542EB}.AppStore|iPhone.ActiveCfg = Debug|Any CPU
		{55FA163D-FE78-4271-8E7C-CC273A1542EB}.AppStore|iPhone.Build.0 = Debug|Any CPU
		{55FA163D-FE78-4271-8E7C-CC273A1542EB}.AppStore|iPhoneSimulator.ActiveCfg = Debug|Any CPU
		{55FA163D-FE78-4271-8E7C-CC273A1542EB}.AppStore|iPhoneSimulator.Build.0 = Debug|Any CPU
		{55FA163D-FE78-4271-8E7C-CC273A1542EB}.AppStore|x64.ActiveCfg = Debug|Any CPU
		{55FA163D-FE78-4271-8E7C-CC273A1542EB}.AppStore|x64.Build.0 = Debug|Any CPU
		{55FA163D-FE78-4271-8E7C-CC273A1542EB}.AppStore|x86.ActiveCfg = Debug|Any CPU
		{55FA163D-FE78-4271-8E7C-CC273A1542EB}.AppStore|x86.Build.0 = Debug|Any CPU
		{55FA163D-FE78-4271-8E7C-CC273A1542EB}.Debug|Any CPU.ActiveCfg = Debug|Any CPU
		{55FA163D-FE78-4271-8E7C-CC273A1542EB}.Debug|Any CPU.Build.0 = Debug|Any CPU
		{55FA163D-FE78-4271-8E7C-CC273A1542EB}.Debug|ARM.ActiveCfg = Debug|Any CPU
		{55FA163D-FE78-4271-8E7C-CC273A1542EB}.Debug|ARM.Build.0 = Debug|Any CPU
		{55FA163D-FE78-4271-8E7C-CC273A1542EB}.Debug|iPhone.ActiveCfg = Debug|Any CPU
		{55FA163D-FE78-4271-8E7C-CC273A1542EB}.Debug|iPhone.Build.0 = Debug|Any CPU
		{55FA163D-FE78-4271-8E7C-CC273A1542EB}.Debug|iPhoneSimulator.ActiveCfg = Debug|Any CPU
		{55FA163D-FE78-4271-8E7C-CC273A1542EB}.Debug|iPhoneSimulator.Build.0 = Debug|Any CPU
		{55FA163D-FE78-4271-8E7C-CC273A1542EB}.Debug|x64.ActiveCfg = Debug|Any CPU
		{55FA163D-FE78-4271-8E7C-CC273A1542EB}.Debug|x64.Build.0 = Debug|Any CPU
		{55FA163D-FE78-4271-8E7C-CC273A1542EB}.Debug|x86.ActiveCfg = Debug|Any CPU
		{55FA163D-FE78-4271-8E7C-CC273A1542EB}.Debug|x86.Build.0 = Debug|Any CPU
		{55FA163D-FE78-4271-8E7C-CC273A1542EB}.Release|Any CPU.ActiveCfg = Release|Any CPU
		{55FA163D-FE78-4271-8E7C-CC273A1542EB}.Release|Any CPU.Build.0 = Release|Any CPU
		{55FA163D-FE78-4271-8E7C-CC273A1542EB}.Release|ARM.ActiveCfg = Release|Any CPU
		{55FA163D-FE78-4271-8E7C-CC273A1542EB}.Release|ARM.Build.0 = Release|Any CPU
		{55FA163D-FE78-4271-8E7C-CC273A1542EB}.Release|iPhone.ActiveCfg = Release|Any CPU
		{55FA163D-FE78-4271-8E7C-CC273A1542EB}.Release|iPhone.Build.0 = Release|Any CPU
		{55FA163D-FE78-4271-8E7C-CC273A1542EB}.Release|iPhoneSimulator.ActiveCfg = Release|Any CPU
		{55FA163D-FE78-4271-8E7C-CC273A1542EB}.Release|iPhoneSimulator.Build.0 = Release|Any CPU
		{55FA163D-FE78-4271-8E7C-CC273A1542EB}.Release|x64.ActiveCfg = Release|Any CPU
		{55FA163D-FE78-4271-8E7C-CC273A1542EB}.Release|x64.Build.0 = Release|Any CPU
		{55FA163D-FE78-4271-8E7C-CC273A1542EB}.Release|x86.ActiveCfg = Release|Any CPU
		{55FA163D-FE78-4271-8E7C-CC273A1542EB}.Release|x86.Build.0 = Release|Any CPU
	EndGlobalSection
	GlobalSection(SolutionProperties) = preSolution
		HideSolutionNode = FALSE
	EndGlobalSection
	GlobalSection(ExtensibilityGlobals) = postSolution
		SolutionGuid = {959917CF-7E76-4EE9-8AEB-7244EE942E5E}
	EndGlobalSection
EndGlobal
